lockfileVersion: '9.0'

settings:
  autoInstallPeers: true
  excludeLinksFromLockfile: false

importers:

  .:
    dependencies:
      '@deepseek-ai/dsh-settings':
        specifier: '>=0.1.1-rc.1 <0.1.2 || >=0.1.2-0 <0.2.0-0'
        version: 0.1.2-rc.1(@deepseek-ai/cordis@4.0.4)(@deepseek-ai/dsh-brand@0.1.2-rc.1(@deepseek-ai/cordis@4.0.4))(@deepseek-ai/dsh-invariants@0.1.2-rc.1(@deepseek-ai/cordis@4.0.4))(@deepseek-ai/dsh-session@0.1.2-rc.1(@deepseek-ai/cordis@4.0.4)(@deepseek-ai/dsh-scope@0.1.2-rc.1(@deepseek-ai/cordis@4.0.4)(@deepseek-ai/dsh-invariants@0.1.2-rc.1(@deepseek-ai/cordis@4.0.4))))(@deepseek-ai/schemastery@3.18.4)
      '@deepseek-ai/schemastery':
        specifier: '>=3.18.0 <4.0.0-0'
        version: 3.18.4

packages:

  '@deepseek-ai/cordis@4.0.4':
    resolution: {integrity: sha512-obgyxqWAmFn3Re8kvsuUnyW+ihrz6eJCnJO4fh1cQzDtmPYz/zzVeUkH9R94I0OwSVOocK67Kgakm04j/oQXzg==}
    hasBin: true
    peerDependencies:
      '@deepseek-ai/cordis-plugin-include': ~1.0.9
      '@deepseek-ai/cordis-plugin-loader': ~1.0.5
    peerDependenciesMeta:
      '@deepseek-ai/cordis-plugin-include':
        optional: true
      '@deepseek-ai/cordis-plugin-loader':
        optional: true

  '@deepseek-ai/cosmokit@1.8.5':
    resolution: {integrity: sha512-LXsrlem9z8dq4sLflj2yuCuYX7KqhdzF5hZly3eZyuTo8d6oDSOXuEgC5DbQWKW+lksm6zmOutQLsP/ma6wR6A==}

  '@deepseek-ai/dsh-brand@0.1.2-rc.1':
    resolution: {integrity: sha512-y2RHIag3kzLdY8kTBuSUSTsKzWPscJrysNObXTiNM7stXLpa3jXpshsB1caqGzNx50vYcmHeN1gFVECgx3NZHg==}
    peerDependencies:
      '@deepseek-ai/cordis': ^4.0.2

  '@deepseek-ai/dsh-invariants@0.1.2-rc.1':
    resolution: {integrity: sha512-zSjuFJYcEB94kPwn7SicqAV1dfVWZkjt1I8luDboxtjfp5CN6ziwJhLv3KaB+Dh9tgkyGY4mvo886W/HhE9L9g==}
    peerDependencies:
      '@deepseek-ai/cordis': ^4.0.2

  '@deepseek-ai/dsh-llm@0.1.2-rc.1':
    resolution: {integrity: sha512-7VYsha5AXsVLnsAwYJffWXz9bwUbElw8i5N8tlTSdai9Bupk3sMbsotzPf8ZbsuGAxQYErahMwQwgGEu4qZO6g==}
    peerDependencies:
      '@deepseek-ai/cordis': ^4.0.2

  '@deepseek-ai/dsh-scope@0.1.2-rc.1':
    resolution: {integrity: sha512-GHwbzWrGbmE0ZGzAZsXBudpyCM9ENCpXxlKODIaPFbIWhRePh6nH2jW47TAOqCIsPPedWC2p3w8Tx5WAa3I/2A==}
    peerDependencies:
      '@deepseek-ai/cordis': ^4.0.2
      '@deepseek-ai/dsh-invariants': ^0.1.2-rc.1

  '@deepseek-ai/dsh-session@0.1.2-rc.1':
    resolution: {integrity: sha512-jRGNPTbQcvIx1F2MVmmkoiHLgpC3Btqo1wkl/3JDLlOWRVWKOuaC+5fQiMrFPOYfno6YiX/c2UvmA0td8qB92w==}
    peerDependencies:
      '@deepseek-ai/cordis': ^4.0.2
      '@deepseek-ai/dsh-scope': ^0.1.2-rc.1

  '@deepseek-ai/dsh-settings@0.1.2-rc.1':
    resolution: {integrity: sha512-wMmJ2w5S6I7hgmgPppuAVemltEcTmAa8gvii7fk4T2KGVCuBYgig8xPwQ8Lp2ukLZSzzE6ZVCQxhdYZyJX/USA==}
    peerDependencies:
      '@deepseek-ai/cordis': ^4.0.2
      '@deepseek-ai/dsh-brand': ^0.1.2-rc.1
      '@deepseek-ai/dsh-invariants': ^0.1.2-rc.1
      '@deepseek-ai/dsh-session': ^0.1.2-rc.1
      '@deepseek-ai/schemastery': ^3.18.2

  '@deepseek-ai/dsh-timeout@0.1.2-rc.1':
    resolution: {integrity: sha512-llz11yxWeJB8suKCa6hRLjNBWVaPn3Fbd0XoBS0bkZLhPFzO1mDorx/XMca2GhI7XF9A86CURQcDt+aGjjvqJA==}
    peerDependencies:
      '@deepseek-ai/cordis': ^4.0.2

  '@deepseek-ai/dsh-typert-protocol@0.1.2-rc.1':
    resolution: {integrity: sha512-vBWD0NpriPd96ltbWaAw+iKeWFIEjiAcCWYtmqEcV1Ms+FaV02usjjm7LCmhSQhMZpBSBc7EZUX0spGlpjI1bA==}
    peerDependencies:
      '@deepseek-ai/cordis': ^4.0.2

  '@deepseek-ai/dsh-util-crypto@0.1.2-rc.1':
    resolution: {integrity: sha512-gE8FznQ1hkknw9QMrHNSlm3UEyRYuj3MLVvlJ6NyH1kmOsdjnbrVbSs+Pn72k2oIV4Fiyu3Umg0sLznUEcsiXw==}
    peerDependencies:
      '@deepseek-ai/cordis': ^4.0.2

  '@deepseek-ai/dsh-util-values@0.1.2-rc.1':
    resolution: {integrity: sha512-FQdgoK+KYVR0pBQb9fTsajvGb3gzUxEzJQEYnFOt+Qdwc4nkxJOPwJJdIvXuqvZaQ33DaOoqpnpcr2p5HpLu4g==}
    peerDependencies:
      '@deepseek-ai/cordis': ^4.0.2

  '@deepseek-ai/schemastery@3.18.4':
    resolution: {integrity: sha512-SSXO6tYuyrIqKVbmOnIq0s+riUywYzouFMcnBluHF9n4KMo2G8HvEzhCYj6pj2617/glOjbJuVInJ9hfONsjkg==}

  '@standard-schema/spec@1.1.0':
    resolution: {integrity: sha512-l2aFy5jALhniG5HgqrD6jXLi/rUWrKvqN/qJx6yoJsgKhblVd+iqqU4RCXavm/jPityDo5TCvKMnpjKnOriy0w==}

  zod@4.6.5:
    resolution: {integrity: sha512-v5l/aFXZQeai4awLbOpSoHecE9UiMrnfx75tEXLjNonXVARxQ5mOeipTjROUchszUNCqnE+hqAMujRsRHsut2Q==}

snapshots:

  '@deepseek-ai/cordis@4.0.4':
    dependencies:
      '@deepseek-ai/cosmokit': 1.8.5
      '@standard-schema/spec': 1.1.0

  '@deepseek-ai/cosmokit@1.8.5': {}

  '@deepseek-ai/dsh-brand@0.1.2-rc.1(@deepseek-ai/cordis@4.0.4)':
    dependencies:
      '@deepseek-ai/cordis': 4.0.4

  '@deepseek-ai/dsh-invariants@0.1.2-rc.1(@deepseek-ai/cordis@4.0.4)':
    dependencies:
      '@deepseek-ai/cordis': 4.0.4
      '@deepseek-ai/schemastery': 3.18.4

  '@deepseek-ai/dsh-llm@0.1.2-rc.1(@deepseek-ai/cordis@4.0.4)':
    dependencies:
      '@deepseek-ai/cordis': 4.0.4
      '@deepseek-ai/dsh-brand': 0.1.2-rc.1(@deepseek-ai/cordis@4.0.4)
      '@deepseek-ai/dsh-timeout': 0.1.2-rc.1(@deepseek-ai/cordis@4.0.4)
      '@deepseek-ai/dsh-typert-protocol': 0.1.2-rc.1(@deepseek-ai/cordis@4.0.4)
      '@deepseek-ai/dsh-util-crypto': 0.1.2-rc.1(@deepseek-ai/cordis@4.0.4)
      '@deepseek-ai/dsh-util-values': 0.1.2-rc.1(@deepseek-ai/cordis@4.0.4)
      '@deepseek-ai/schemastery': 3.18.4
      zod: 4.6.5

  '@deepseek-ai/dsh-scope@0.1.2-rc.1(@deepseek-ai/cordis@4.0.4)(@deepseek-ai/dsh-invariants@0.1.2-rc.1(@deepseek-ai/cordis@4.0.4))':
    dependencies:
      '@deepseek-ai/cordis': 4.0.4
      '@deepseek-ai/dsh-invariants': 0.1.2-rc.1(@deepseek-ai/cordis@4.0.4)

  '@deepseek-ai/dsh-session@0.1.2-rc.1(@deepseek-ai/cordis@4.0.4)(@deepseek-ai/dsh-scope@0.1.2-rc.1(@deepseek-ai/cordis@4.0.4)(@deepseek-ai/dsh-invariants@0.1.2-rc.1(@deepseek-ai/cordis@4.0.4)))':
    dependencies:
      '@deepseek-ai/cordis': 4.0.4
      '@deepseek-ai/dsh-brand': 0.1.2-rc.1(@deepseek-ai/cordis@4.0.4)
      '@deepseek-ai/dsh-llm': 0.1.2-rc.1(@deepseek-ai/cordis@4.0.4)
      '@deepseek-ai/dsh-scope': 0.1.2-rc.1(@deepseek-ai/cordis@4.0.4)(@deepseek-ai/dsh-invariants@0.1.2-rc.1(@deepseek-ai/cordis@4.0.4))
      '@deepseek-ai/dsh-util-values': 0.1.2-rc.1(@deepseek-ai/cordis@4.0.4)

  '@deepseek-ai/dsh-settings@0.1.2-rc.1(@deepseek-ai/cordis@4.0.4)(@deepseek-ai/dsh-brand@0.1.2-rc.1(@deepseek-ai/cordis@4.0.4))(@deepseek-ai/dsh-invariants@0.1.2-rc.1(@deepseek-ai/cordis@4.0.4))(@deepseek-ai/dsh-session@0.1.2-rc.1(@deepseek-ai/cordis@4.0.4)(@deepseek-ai/dsh-scope@0.1.2-rc.1(@deepseek-ai/cordis@4.0.4)(@deepseek-ai/dsh-invariants@0.1.2-rc.1(@deepseek-ai/cordis@4.0.4))))(@deepseek-ai/schemastery@3.18.4)':
    dependencies:
      '@deepseek-ai/cordis': 4.0.4
      '@deepseek-ai/dsh-brand': 0.1.2-rc.1(@deepseek-ai/cordis@4.0.4)
      '@deepseek-ai/dsh-invariants': 0.1.2-rc.1(@deepseek-ai/cordis@4.0.4)
      '@deepseek-ai/dsh-session': 0.1.2-rc.1(@deepseek-ai/cordis@4.0.4)(@deepseek-ai/dsh-scope@0.1.2-rc.1(@deepseek-ai/cordis@4.0.4)(@deepseek-ai/dsh-invariants@0.1.2-rc.1(@deepseek-ai/cordis@4.0.4)))
      '@deepseek-ai/dsh-util-values': 0.1.2-rc.1(@deepseek-ai/cordis@4.0.4)
      '@deepseek-ai/schemastery': 3.18.4

  '@deepseek-ai/dsh-timeout@0.1.2-rc.1(@deepseek-ai/cordis@4.0.4)':
    dependencies:
      '@deepseek-ai/cordis': 4.0.4

  '@deepseek-ai/dsh-typert-protocol@0.1.2-rc.1(@deepseek-ai/cordis@4.0.4)':
    dependencies:
      '@deepseek-ai/cordis': 4.0.4

  '@deepseek-ai/dsh-util-crypto@0.1.2-rc.1(@deepseek-ai/cordis@4.0.4)':
    dependencies:
      '@deepseek-ai/cordis': 4.0.4

  '@deepseek-ai/dsh-util-values@0.1.2-rc.1(@deepseek-ai/cordis@4.0.4)':
    dependencies:
      '@deepseek-ai/cordis': 4.0.4

  '@deepseek-ai/schemastery@3.18.4':
    dependencies:
      '@deepseek-ai/cosmokit': 1.8.5
      '@standard-schema/spec': 1.1.0

  '@standard-schema/spec@1.1.0': {}

  zod@4.6.5: {}
